// !$*UTF8*$!
{
	archiveVersion = 1;
	classes = {
	};
	objectVersion = 46;
	objects = {

/* Begin PBXBuildFile section */
		C560B53E1C4996A900E5F1F9 /* AppDelegate.swift in Sources */ = {isa = PBXBuildFile; fileRef = C560B53D1C4996A900E5F1F9 /* AppDelegate.swift */; };
		C560B5401C4996A900E5F1F9 /* ViewController.swift in Sources */ = {isa = PBXBuildFile; fileRef = C560B53F1C4996A900E5F1F9 /* ViewController.swift */; };
		C560B5431C4996A900E5F1F9 /* Main.storyboard in Resources */ = {isa = PBXBuildFile; fileRef = C560B5411C4996A900E5F1F9 /* Main.storyboard */; };
		C560B5451C4996A900E5F1F9 /* Assets.xcassets in Resources */ = {isa = PBXBuildFile; fileRef = C560B5441C4996A900E5F1F9 /* Assets.xcassets */; };
		C560B5481C4996A900E5F1F9 /* LaunchScreen.storyboard in Resources */ = {isa = PBXBuildFile; fileRef = C560B5461C4996A900E5F1F9 /* LaunchScreen.storyboard */; };
/* End PBXBuildFile section */

/* Begin PBXFileReference section */
		C560B53A1C4996A900E5F1F9 /* Zetta.app */ = {isa = PBXFileReference; explicitFileType = wrapper.application; includeInIndex = 0; path = Zetta.app; sourceTree = BUILT_PRODUCTS_DIR; };
		C560B53D1C4996A900E5F1F9 /* AppDelegate.swift */ = {isa = PBXFileReference; lastKnownFileType = sourcecode.swift; path = AppDelegate.swift; sourceTree = "<group>"; };
		C560B53F1C4996A900E5F1F9 /* ViewController.swift */ = {isa = PBXFileReference; lastKnownFileType = sourcecode.swift; path = ViewController.swift; sourceTree = "<group>"; };
		C560B5421C4996A900E5F1F9 /* Base */ = {isa = PBXFileReference; lastKnownFileType = file.storyboard; name = Base; path = Base.lproj/Main.storyboard; sourceTree = "<group>"; };
		C560B5441C4996A900E5F1F9 /* Assets.xcassets */ = {isa = PBXFileReference; lastKnownFileType = folder.assetcatalog; path = Assets.xcassets; sourceTree = "<group>"; };
		C560B5471C4996A900E5F1F9 /* Base */ = {isa = PBXFileReference; lastKnownFileType = file.storyboard; name = Base; path = Base.lproj/LaunchScreen.storyboard; sourceTree = "<group>"; };
		C560B5491C4996A900E5F1F9 /* Info.plist */ = {isa = PBXFileReference; lastKnownFileType = text.plist.xml; path = Info.plist; sourceTree = "<group>"; };
/* End PBXFileReference section */

/* Begin PBXFrameworksBuildPhase section */
		C560B5371C4996A900E5F1F9 /* Frameworks */ = {
			isa = PBXFrameworksBuildPhase;
			buildActionMask = 2147483647;
			files = (
			);
			runOnlyForDeploymentPostprocessing = 0;
		};
/* End PBXFrameworksBuildPhase section */

/* Begin PBXGroup section */
		C560B5311C4996A900E5F1F9 = {
			isa = PBXGroup;
			children = (
				C560B53C1C4996A900E5F1F9 /* Zetta */,
				C560B53B1C4996A900E5F1F9 /* Products */,
			);
			sourceTree = "<group>";
		};
		C560B53B1C4996A900E5F1F9 /* Products */ = {
			isa = PBXGroup;
			children = (
				C560B53A1C4996A900E5F1F9 /* Zetta.app */,
			);
			name = Products;
			sourceTree = "<group>";
		};
		C560B53C1C4996A900E5F1F9 /* Zetta */ = {
			isa = PBXGroup;
			children = (
				C560B53D1C4996A900E5F1F9 /* AppDelegate.swift */,
				C560B53F1C4996A900E5F1F9 /* ViewController.swift */,
				C560B5411C4996A900E5F1F9 /* Main.storyboard */,
				C560B5441C4996A900E5F1F9 /* Assets.xcassets */,
				C560B5461C4996A900E5F1F9 /* LaunchScreen.storyboard */,
				C560B5491C4996A900E5F1F9 /* Info.plist */,
			);
			path = Zetta;
			sourceTree = "<group>";
		};
/* End PBXGroup section */

/* Begin PBXNativeTarget section */
		C560B5391C4996A900E5F1F9 /* Zetta */ = {
			isa = PBXNativeTarget;
			buildConfigurationList = C560B54C1C4996A900E5F1F9 /* Build configuration list for PBXNativeTarget "Zetta" */;
			buildPhases = (
				C560B5361C4996A900E5F1F9 /* Sources */,
				C560B5371C4996A900E5F1F9 /* Frameworks */,
				C560B5381C4996A900E5F1F9 /* Resources */,
				C560B54F1C49975100E5F1F9 /* Increment Build Number */,
			);
			buildRules = (
			);
			dependencies = (
			);
			name = Zetta;
			productName = Zetta;
			productReference = C560B53A1C4996A900E5F1F9 /* Zetta.app */;
			productType = "com.apple.product-type.application";
		};
/* End PBXNativeTarget section */

/* Begin PBXProject section */
		C560B5321C4996A900E5F1F9 /* Project object */ = {
			isa = PBXProject;
			attributes = {
				LastSwiftUpdateCheck = 0720;
				LastUpgradeCheck = 0720;
				ORGANIZATIONNAME = Zetta;
				TargetAttributes = {
					C560B5391C4996A900E5F1F9 = {
						CreatedOnToolsVersion = 7.2;
					};
				};
			};
			buildConfigurationList = C560B5351C4996A900E5F1F9 /* Build configuration list for PBXProject "Zetta" */;
			compatibilityVersion = "Xcode 3.2";
			developmentRegion = English;
			hasScannedForEncodings = 0;
			knownRegions = (
				en,
				Base,
			);
			mainGroup = C560B5311C4996A900E5F1F9;
			productRefGroup = C560B53B1C4996A900E5F1F9 /* Products */;
			projectDirPath = "";
			projectRoot = "";
			targets = (
				C560B5391C4996A900E5F1F9 /* Zetta */,
			);
		};
/* End PBXProject section */

/* Begin PBXResourcesBuildPhase section */
		C560B5381C4996A900E5F1F9 /* Resources */ = {
			isa = PBXResourcesBuildPhase;
			buildActionMask = 2147483647;
			files = (
				C560B5481C4996A900E5F1F9 /* LaunchScreen.storyboard in Resources */,
				C560B5451C4996A900E5F1F9 /* Assets.xcassets in Resources */,
				C560B5431C4996A900E5F1F9 /* Main.storyboard in Resources */,
			);
			runOnlyForDeploymentPostprocessing = 0;
		};
/* End PBXResourcesBuildPhase section */

/* Begin PBXShellScriptBuildPhase section */
		C560B54F1C49975100E5F1F9 /* Increment Build Number */ = {
			isa = PBXShellScriptBuildPhase;
			buildActionMask = 2147483647;
			files = (
			);
			inputPaths = (
			);
			name = "Increment Build Number";
			outputPaths = (
			);
			runOnlyForDeploymentPostprocessing = 0;
			shellPath = /bin/sh;
			shellScript = "if [ $CONFIGURATION == Release ]; then\necho \"Bumping build number...\"\nplist=${PROJECT_DIR}/${INFOPLIST_FILE}\n\n# increment the build number (ie 115 to 116)\nbuildnum=$(/usr/libexec/PlistBuddy -c \"Print CFBundleVersion\" \"${plist}\")\nif [[ \"${buildnum}\" == \"\" ]]; then\necho \"No build number in $plist\"\nexit 2\nfi\n\nbuildnum=$(expr $buildnum + 1)\n/usr/libexec/Plistbuddy -c \"Set CFBundleVersion $buildnum\" \"${plist}\"\necho \"Bumped build number to $buildnum\"\n\nelse\necho $CONFIGURATION \" build - Not bumping build number.\"\nfi";
		};
/* End PBXShellScriptBuildPhase section */

/* Begin PBXSourcesBuildPhase section */
		C560B5361C4996A900E5F1F9 /* Sources */ = {
			isa = PBXSourcesBuildPhase;
			buildActionMask = 2147483647;
			files = (
				C560B5401C4996A900E5F1F9 /* ViewController.swift in Sources */,
				C560B53E1C4996A900E5F1F9 /* AppDelegate.swift in Sources */,
			);
			runOnlyForDeploymentPostprocessing = 0;
		};
/* End PBXSourcesBuildPhase section */

/* Begin PBXVariantGroup section */
		C560B5411C4996A900E5F1F9 /* Main.storyboard */ = {
			isa = PBXVariantGroup;
			children = (
				C560B5421C4996A900E5F1F9 /* Base */,
			);
			name = Main.storyboard;
			sourceTree = "<group>";
		};
		C560B5461C4996A900E5F1F9 /* LaunchScreen.storyboard */ = {
			isa = PBXVariantGroup;
			children = (
				C560B5471C4996A900E5F1F9 /* Base */,
			);
			name = LaunchScreen.storyboard;
			sourceTree = "<group>";
		};
/* End PBXVariantGroup section */

/* Begin XCBuildConfiguration section */
		C560B54A1C4996A900E5F1F9 /* Debug */ = {
			isa = XCBuildConfiguration;
			buildSettings = {
				ALWAYS_SEARCH_USER_PATHS = NO;
				CLANG_CXX_LANGUAGE_STANDARD = "gnu++0x";
				CLANG_CXX_LIBRARY = "libc++";
				CLANG_ENABLE_MODULES = YES;
				CLANG_ENABLE_OBJC_ARC = YES;
				CLANG_WARN_BOOL_CONVERSION = YES;
				CLANG_WARN_CONSTANT_CONVERSION = YES;
				CLANG_WARN_DIRECT_OBJC_ISA_USAGE = YES_ERROR;
				CLANG_WARN_EMPTY_BODY = YES;
				CLANG_WARN_ENUM_CONVERSION = YES;
				CLANG_WARN_INT_CONVERSION = YES;
				CLANG_WARN_OBJC_ROOT_CLASS = YES_ERROR;
				CLANG_WARN_UNREACHABLE_CODE = YES;
				CLANG_WARN__DUPLICATE_METHOD_MATCH = YES;
				"CODE_SIGN_IDENTITY[sdk=iphoneos*]" = "iPhone Developer";
				COPY_PHASE_STRIP = NO;
				DEBUG_INFORMATION_FORMAT = dwarf;
				ENABLE_STRICT_OBJC_MSGSEND = YES;
				ENABLE_TESTABILITY = YES;
				GCC_C_LANGUAGE_STANDARD = gnu99;
				GCC_DYNAMIC_NO_PIC = NO;
				GCC_NO_COMMON_BLOCKS = YES;
				GCC_OPTIMIZATION_LEVEL = 0;
				GCC_PREPROCESSOR_DEFINITIONS = (
					"DEBUG=1",
					"$(inherited)",
				);
				GCC_WARN_64_TO_32_BIT_CONVERSION = YES;
				GCC_WARN_ABOUT_RETURN_TYPE = YES_ERROR;
				GCC_WARN_UNDECLARED_SELECTOR = YES;
				GCC_WARN_UNINITIALIZED_AUTOS = YES_AGGRESSIVE;
				GCC_WARN_UNUSED_FUNCTION = YES;
				GCC_WARN_UNUSED_VARIABLE = YES;
				IPHONEOS_DEPLOYMENT_TARGET = 9.2;
				MTL_ENABLE_DEBUG_INFO = YES;
				ONLY_ACTIVE_ARCH = YES;
				SDKROOT = iphoneos;
				SWIFT_OPTIMIZATION_LEVEL = "-Onone";
			};
			name = Debug;
		};
		C560B54B1C4996A900E5F1F9 /* Release */ = {
			isa = XCBuildConfiguration;
			buildSettings = {
				ALWAYS_SEARCH_USER_PATHS = NO;
				CLANG_CXX_LANGUAGE_STANDARD = "gnu++0x";
				CLANG_CXX_LIBRARY = "libc++";
				CLANG_ENABLE_MODULES = YES;
				CLANG_ENABLE_OBJC_ARC = YES;
				CLANG_WARN_BOOL_CONVERSION = YES;
				CLANG_WARN_CONSTANT_CONVERSION = YES;
				CLANG_WARN_DIRECT_OBJC_ISA_USAGE = YES_ERROR;
				CLANG_WARN_EMPTY_BODY = YES;
				CLANG_WARN_ENUM_CONVERSION = YES;
				CLANG_WARN_INT_CONVERSION = YES;
				CLANG_WARN_OBJC_ROOT_CLASS = YES_ERROR;
				CLANG_WARN_UNREACHABLE_CODE = YES;
				CLANG_WARN__DUPLICATE_METHOD_MATCH = YES;
				"CODE_SIGN_IDENTITY[sdk=iphoneos*]" = "iPhone Developer";
				COPY_PHASE_STRIP = NO;
				DEBUG_INFORMATION_FORMAT = "dwarf-with-dsym";
				ENABLE_NS_ASSERTIONS = NO;
				ENABLE_STRICT_OBJC_MSGSEND = YES;
				GCC_C_LANGUAGE_STANDARD = gnu99;
				GCC_NO_COMMON_BLOCKS = YES;
				GCC_WARN_64_TO_32_BIT_CONVERSION = YES;
				GCC_WARN_ABOUT_RETURN_TYPE = YES_ERROR;
				GCC_WARN_UNDECLARED_SELECTOR = YES;
				GCC_WARN_UNINITIALIZED_AUTOS = YES_AGGRESSIVE;
				GCC_WARN_UNUSED_FUNCTION = YES;
				GCC_WARN_UNUSED_VARIABLE = YES;
				IPHONEOS_DEPLOYMENT_TARGET = 9.2;
				MTL_ENABLE_DEBUG_INFO = NO;
				SDKROOT = iphoneos;
				VALIDATE_PRODUCT = YES;
			};
			name = Release;
		};
		C560B54D1C4996A900E5F1F9 /* Debug */ = {
			isa = XCBuildConfiguration;
			buildSettings = {
				ASSETCATALOG_COMPILER_APPICON_NAME = AppIcon;
				INFOPLIST_FILE = Zetta/Info.plist;
				IPHONEOS_DEPLOYMENT_TARGET = 9.0;
				LD_RUNPATH_SEARCH_PATHS = "$(inherited) @executable_path/Frameworks";
				PRODUCT_BUNDLE_IDENTIFIER = com.zetta.Zetta;
				PRODUCT_NAME = "$(TARGET_NAME)";
			};
			name = Debug;
		};
		C560B54E1C4996A900E5F1F9 /* Release */ = {
			isa = XCBuildConfiguration;
			buildSettings = {
				ASSETCATALOG_COMPILER_APPICON_NAME = AppIcon;
				INFOPLIST_FILE = Zetta/Info.plist;
				IPHONEOS_DEPLOYMENT_TARGET = 9.0;
				LD_RUNPATH_SEARCH_PATHS = "$(inherited) @executable_path/Frameworks";
				PRODUCT_BUNDLE_IDENTIFIER = com.zetta.Zetta;
				PRODUCT_NAME = "$(TARGET_NAME)";
			};
			name = Release;
		};
/* End XCBuildConfiguration section */

/* Begin XCConfigurationList section */
		C560B5351C4996A900E5F1F9 /* Build configuration list for PBXProject "Zetta" */ = {
			isa = XCConfigurationList;
			buildConfigurations = (
				C560B54A1C4996A900E5F1F9 /* Debug */,
				C560B54B1C4996A900E5F1F9 /* Release */,
			);
			defaultConfigurationIsVisible = 0;
			defaultConfigurationName = Release;
		};
		C560B54C1C4996A900E5F1F9 /* Build configuration list for PBXNativeTarget "Zetta" */ = {
			isa = XCConfigurationList;
			buildConfigurations = (
				C560B54D1C4996A900E5F1F9 /* Debug */,
				C560B54E1C4996A900E5F1F9 /* Release */,
			);
			defaultConfigurationIsVisible = 0;
		};
/* End XCConfigurationList section */
	};
	rootObject = C560B5321C4996A900E5F1F9 /* Project object */;
}
